
Microsoft Visual Studio Solution File, Format Version 12.00
# Visual Studio 2012
Project("{FAE04EC0-301F-11D3-BF4B-00C04F79EFBC}") = "AdoNetQuery", "AdoNetQuery\AdoNetQuery.csproj", "{E36AF736-A0A5-40FA-9290-46F7C8F2FD27}"
EndProject
Project("{FAE04EC0-301F-11D3-BF4B-00C04F79EFBC}") = "AdoNetQuery_x86", "AdoNetQuery\AdoNetQuery_x86.csproj", "{A5BA58CF-8927-47D5-934E-86BE2F73CECE}"
EndProject
Project("{FAE04EC0-301F-11D3-BF4B-00C04F79EFBC}") = "WmiQuery", "WmiQuery\WmiQuery.csproj", "{6002D8A0-BC8B-4A1D-947B-9D12738EC049}"
EndProject
Project("{FAE04EC0-301F-11D3-BF4B-00C04F79EFBC}") = "WmiQuery_x86", "WmiQuery\WmiQuery_x86.csproj", "{5084993F-6829-44D5-979C-E4862275C141}"
EndProject
Global
	GlobalSection(SolutionConfigurationPlatforms) = preSolution
		Debug|Any CPU = Debug|Any CPU
		Release|Any CPU = Release|Any CPU
	EndGlobalSection
	GlobalSection(ProjectConfigurationPlatforms) = postSolution
		{E36AF736-A0A5-40FA-9290-46F7C8F2FD27}.Debug|Any CPU.ActiveCfg = Debug|Any CPU
		{E36AF736-A0A5-40FA-9290-46F7C8F2FD27}.Debug|Any CPU.Build.0 = Debug|Any CPU
		{E36AF736-A0A5-40FA-9290-46F7C8F2FD27}.Release|Any CPU.ActiveCfg = Release|Any CPU
		{E36AF736-A0A5-40FA-9290-46F7C8F2FD27}.Release|Any CPU.Build.0 = Release|Any CPU
		{A5BA58CF-8927-47D5-934E-86BE2F73CECE}.Debug|Any CPU.ActiveCfg = Debug|Any CPU
		{A5BA58CF-8927-47D5-934E-86BE2F73CECE}.Debug|Any CPU.Build.0 = Debug|Any CPU
		{A5BA58CF-8927-47D5-934E-86BE2F73CECE}.Release|Any CPU.ActiveCfg = Release|Any CPU
		{A5BA58CF-8927-47D5-934E-86BE2F73CECE}.Release|Any CPU.Build.0 = Release|Any CPU
		{6002D8A0-BC8B-4A1D-947B-9D12738EC049}.Debug|Any CPU.ActiveCfg = Debug|Any CPU
		{6002D8A0-BC8B-4A1D-947B-9D12738EC049}.Debug|Any CPU.Build.0 = Debug|Any CPU
		{6002D8A0-BC8B-4A1D-947B-9D12738EC049}.Release|Any CPU.ActiveCfg = Release|Any CPU
		{6002D8A0-BC8B-4A1D-947B-9D12738EC049}.Release|Any CPU.Build.0 = Release|Any CPU
		{5084993F-6829-44D5-979C-E4862275C141}.Debug|Any CPU.ActiveCfg = Debug|Any CPU
		{5084993F-6829-44D5-979C-E4862275C141}.Debug|Any CPU.Build.0 = Debug|Any CPU
		{5084993F-6829-44D5-979C-E4862275C141}.Release|Any CPU.ActiveCfg = Release|Any CPU
		{5084993F-6829-44D5-979C-E4862275C141}.Release|Any CPU.Build.0 = Release|Any CPU
	EndGlobalSection
	GlobalSection(SolutionProperties) = preSolution
		HideSolutionNode = FALSE
	EndGlobalSection
EndGlobal
